// !$*UTF8*$!
{
	archiveVersion = 1;
	classes = {
	};
	objectVersion = 56;
	objects = {

/* Begin PBXBuildFile section */
		703797A72AC29D1100F7816E /* UsersStaticData.json in Resources */ = {isa = PBXBuildFile; fileRef = 703797A62AC29D1100F7816E /* UsersStaticData.json */; };
		703797A92AC29D3D00F7816E /* SingleUserData.json in Resources */ = {isa = PBXBuildFile; fileRef = 703797A82AC29D3D00F7816E /* SingleUserData.json */; };
		703797AB2AC29E9800F7816E /* UserDetailResponse.swift in Sources */ = {isa = PBXBuildFile; fileRef = 703797AA2AC29E9800F7816E /* UserDetailResponse.swift */; };
		703797AD2AC29F0800F7816E /* UsersResponse.swift in Sources */ = {isa = PBXBuildFile; fileRef = 703797AC2AC29F0800F7816E /* UsersResponse.swift */; };
		703797B02AC29FF600F7816E /* Model.swift in Sources */ = {isa = PBXBuildFile; fileRef = 703797AF2AC29FF600F7816E /* Model.swift */; };
		703797B22AC2A1CD00F7816E /* StaticJSONMapper.swift in Sources */ = {isa = PBXBuildFile; fileRef = 703797B12AC2A1CD00F7816E /* StaticJSONMapper.swift */; };
		703797B42AC4DD2B00F7816E /* PeopleView.swift in Sources */ = {isa = PBXBuildFile; fileRef = 703797B32AC4DD2B00F7816E /* PeopleView.swift */; };
		703797B62ACA8A7500F7816E /* PersonItemView.swift in Sources */ = {isa = PBXBuildFile; fileRef = 703797B52ACA8A7500F7816E /* PersonItemView.swift */; };
		703797B92ACA8BF300F7816E /* PillView.swift in Sources */ = {isa = PBXBuildFile; fileRef = 703797B82ACA8BF300F7816E /* PillView.swift */; };
		70B921232ABD54A900D282F5 /* PeopleApp.swift in Sources */ = {isa = PBXBuildFile; fileRef = 70B921222ABD54A900D282F5 /* PeopleApp.swift */; };
		70B921272ABD54AB00D282F5 /* Assets.xcassets in Resources */ = {isa = PBXBuildFile; fileRef = 70B921262ABD54AB00D282F5 /* Assets.xcassets */; };
		70B9212A2ABD54AB00D282F5 /* Preview Assets.xcassets in Resources */ = {isa = PBXBuildFile; fileRef = 70B921292ABD54AB00D282F5 /* Preview Assets.xcassets */; };
		70B921322ABD54D000D282F5 /* Symbols.swift in Sources */ = {isa = PBXBuildFile; fileRef = 70B921312ABD54D000D282F5 /* Symbols.swift */; };
		70B921342ABD585900D282F5 /* Theme.swift in Sources */ = {isa = PBXBuildFile; fileRef = 70B921332ABD585900D282F5 /* Theme.swift */; };
/* End PBXBuildFile section */

/* Begin PBXFileReference section */
		703797A62AC29D1100F7816E /* UsersStaticData.json */ = {isa = PBXFileReference; lastKnownFileType = text.json; path = UsersStaticData.json; sourceTree = "<group>"; };
		703797A82AC29D3D00F7816E /* SingleUserData.json */ = {isa = PBXFileReference; lastKnownFileType = text.json; path = SingleUserData.json; sourceTree = "<group>"; };
		703797AA2AC29E9800F7816E /* UserDetailResponse.swift */ = {isa = PBXFileReference; lastKnownFileType = sourcecode.swift; path = UserDetailResponse.swift; sourceTree = "<group>"; };
		703797AC2AC29F0800F7816E /* UsersResponse.swift */ = {isa = PBXFileReference; lastKnownFileType = sourcecode.swift; path = UsersResponse.swift; sourceTree = "<group>"; };
		703797AF2AC29FF600F7816E /* Model.swift */ = {isa = PBXFileReference; lastKnownFileType = sourcecode.swift; path = Model.swift; sourceTree = "<group>"; };
		703797B12AC2A1CD00F7816E /* StaticJSONMapper.swift */ = {isa = PBXFileReference; lastKnownFileType = sourcecode.swift; path = StaticJSONMapper.swift; sourceTree = "<group>"; };
		703797B32AC4DD2B00F7816E /* PeopleView.swift */ = {isa = PBXFileReference; lastKnownFileType = sourcecode.swift; path = PeopleView.swift; sourceTree = "<group>"; };
		703797B52ACA8A7500F7816E /* PersonItemView.swift */ = {isa = PBXFileReference; lastKnownFileType = sourcecode.swift; path = PersonItemView.swift; sourceTree = "<group>"; };
		703797B82ACA8BF300F7816E /* PillView.swift */ = {isa = PBXFileReference; lastKnownFileType = sourcecode.swift; path = PillView.swift; sourceTree = "<group>"; };
		70B9211F2ABD54A900D282F5 /* People.app */ = {isa = PBXFileReference; explicitFileType = wrapper.application; includeInIndex = 0; path = People.app; sourceTree = BUILT_PRODUCTS_DIR; };
		70B921222ABD54A900D282F5 /* PeopleApp.swift */ = {isa = PBXFileReference; lastKnownFileType = sourcecode.swift; path = PeopleApp.swift; sourceTree = "<group>"; };
		70B921262ABD54AB00D282F5 /* Assets.xcassets */ = {isa = PBXFileReference; lastKnownFileType = folder.assetcatalog; path = Assets.xcassets; sourceTree = "<group>"; };
		70B921292ABD54AB00D282F5 /* Preview Assets.xcassets */ = {isa = PBXFileReference; lastKnownFileType = folder.assetcatalog; path = "Preview Assets.xcassets"; sourceTree = "<group>"; };
		70B921312ABD54D000D282F5 /* Symbols.swift */ = {isa = PBXFileReference; lastKnownFileType = sourcecode.swift; path = Symbols.swift; sourceTree = "<group>"; };
		70B921332ABD585900D282F5 /* Theme.swift */ = {isa = PBXFileReference; lastKnownFileType = sourcecode.swift; path = Theme.swift; sourceTree = "<group>"; };
		70B921452ABD61A700D282F5 /* Info.plist */ = {isa = PBXFileReference; lastKnownFileType = text.plist; path = Info.plist; sourceTree = "<group>"; };
/* End PBXFileReference section */

/* Begin PBXFrameworksBuildPhase section */
		70B9211C2ABD54A900D282F5 /* Frameworks */ = {
			isa = PBXFrameworksBuildPhase;
			buildActionMask = 2147483647;
			files = (
			);
			runOnlyForDeploymentPostprocessing = 0;
		};
/* End PBXFrameworksBuildPhase section */

/* Begin PBXGroup section */
		703797A52AC29CF500F7816E /* JSON */ = {
			isa = PBXGroup;
			children = (
				703797A62AC29D1100F7816E /* UsersStaticData.json */,
				703797A82AC29D3D00F7816E /* SingleUserData.json */,
			);
			path = JSON;
			sourceTree = "<group>";
		};
		703797AE2AC29FE600F7816E /* Models */ = {
			isa = PBXGroup;
			children = (
				703797B72ACA8BE500F7816E /* Views */,
				703797AF2AC29FF600F7816E /* Model.swift */,
			);
			path = Models;
			sourceTree = "<group>";
		};
		703797B72ACA8BE500F7816E /* Views */ = {
			isa = PBXGroup;
			children = (
				703797B82ACA8BF300F7816E /* PillView.swift */,
			);
			path = Views;
			sourceTree = "<group>";
		};
		70B921162ABD54A800D282F5 = {
			isa = PBXGroup;
			children = (
				70B921212ABD54A900D282F5 /* People */,
				70B921202ABD54A900D282F5 /* Products */,
			);
			sourceTree = "<group>";
		};
		70B921202ABD54A900D282F5 /* Products */ = {
			isa = PBXGroup;
			children = (
				70B9211F2ABD54A900D282F5 /* People.app */,
			);
			name = Products;
			sourceTree = "<group>";
		};
		70B921212ABD54A900D282F5 /* People */ = {
			isa = PBXGroup;
			children = (
				70B921452ABD61A700D282F5 /* Info.plist */,
				70B9213A2ABD5D4A00D282F5 /* Base */,
				70B921352ABD5CEB00D282F5 /* Features */,
				70B921302ABD54B900D282F5 /* Resources */,
				70B921222ABD54A900D282F5 /* PeopleApp.swift */,
				70B921262ABD54AB00D282F5 /* Assets.xcassets */,
				70B921282ABD54AB00D282F5 /* Preview Content */,
			);
			path = People;
			sourceTree = "<group>";
		};
		70B921282ABD54AB00D282F5 /* Preview Content */ = {
			isa = PBXGroup;
			children = (
				70B921292ABD54AB00D282F5 /* Preview Assets.xcassets */,
			);
			path = "Preview Content";
			sourceTree = "<group>";
		};
		70B921302ABD54B900D282F5 /* Resources */ = {
			isa = PBXGroup;
			children = (
				703797A52AC29CF500F7816E /* JSON */,
				70B921312ABD54D000D282F5 /* Symbols.swift */,
				70B921332ABD585900D282F5 /* Theme.swift */,
			);
			path = Resources;
			sourceTree = "<group>";
		};
		70B921352ABD5CEB00D282F5 /* Features */ = {
			isa = PBXGroup;
			children = (
				70B921392ABD5D3800D282F5 /* Settings */,
				70B921382ABD5D2F00D282F5 /* Detail */,
				70B921372ABD5D2500D282F5 /* Create */,
				70B921362ABD5D1600D282F5 /* People Screen */,
			);
			path = Features;
			sourceTree = "<group>";
		};
		70B921362ABD5D1600D282F5 /* People Screen */ = {
			isa = PBXGroup;
			children = (
				70B9213D2ABD5D7800D282F5 /* View Models */,
				70B9213C2ABD5D7200D282F5 /* Models */,
				70B9213B2ABD5D6A00D282F5 /* Views */,
			);
			path = "People Screen";
			sourceTree = "<group>";
		};
		70B921372ABD5D2500D282F5 /* Create */ = {
			isa = PBXGroup;
			children = (
				70B921442ABD5DEC00D282F5 /* View Models */,
				70B921432ABD5DE500D282F5 /* Models */,
				70B921422ABD5DDE00D282F5 /* Views */,
			);
			path = Create;
			sourceTree = "<group>";
		};
		70B921382ABD5D2F00D282F5 /* Detail */ = {
			isa = PBXGroup;
			children = (
				70B921412ABD5DCC00D282F5 /* View Models */,
				70B921402ABD5DBE00D282F5 /* Models */,
				70B9213F2ABD5DB700D282F5 /* Views */,
			);
			path = Detail;
			sourceTree = "<group>";
		};
		70B921392ABD5D3800D282F5 /* Settings */ = {
			isa = PBXGroup;
			children = (
				70B9213E2ABD5DB000D282F5 /* Views */,
			);
			path = Settings;
			sourceTree = "<group>";
		};
		70B9213A2ABD5D4A00D282F5 /* Base */ = {
			isa = PBXGroup;
			children = (
				703797AE2AC29FE600F7816E /* Models */,
				703797B12AC2A1CD00F7816E /* StaticJSONMapper.swift */,
			);
			path = Base;
			sourceTree = "<group>";
		};
		70B9213B2ABD5D6A00D282F5 /* Views */ = {
			isa = PBXGroup;
			children = (
				703797B32AC4DD2B00F7816E /* PeopleView.swift */,
				703797B52ACA8A7500F7816E /* PersonItemView.swift */,
			);
			path = Views;
			sourceTree = "<group>";
		};
		70B9213C2ABD5D7200D282F5 /* Models */ = {
			isa = PBXGroup;
			children = (
				703797AC2AC29F0800F7816E /* UsersResponse.swift */,
			);
			path = Models;
			sourceTree = "<group>";
		};
		70B9213D2ABD5D7800D282F5 /* View Models */ = {
			isa = PBXGroup;
			children = (
			);
			path = "View Models";
			sourceTree = "<group>";
		};
		70B9213E2ABD5DB000D282F5 /* Views */ = {
			isa = PBXGroup;
			children = (
			);
			path = Views;
			sourceTree = "<group>";
		};
		70B9213F2ABD5DB700D282F5 /* Views */ = {
			isa = PBXGroup;
			children = (
			);
			path = Views;
			sourceTree = "<group>";
		};
		70B921402ABD5DBE00D282F5 /* Models */ = {
			isa = PBXGroup;
			children = (
				703797AA2AC29E9800F7816E /* UserDetailResponse.swift */,
			);
			path = Models;
			sourceTree = "<group>";
		};
		70B921412ABD5DCC00D282F5 /* View Models */ = {
			isa = PBXGroup;
			children = (
			);
			path = "View Models";
			sourceTree = "<group>";
		};
		70B921422ABD5DDE00D282F5 /* Views */ = {
			isa = PBXGroup;
			children = (
			);
			path = Views;
			sourceTree = "<group>";
		};
		70B921432ABD5DE500D282F5 /* Models */ = {
			isa = PBXGroup;
			children = (
			);
			path = Models;
			sourceTree = "<group>";
		};
		70B921442ABD5DEC00D282F5 /* View Models */ = {
			isa = PBXGroup;
			children = (
			);
			path = "View Models";
			sourceTree = "<group>";
		};
/* End PBXGroup section */

/* Begin PBXNativeTarget section */
		70B9211E2ABD54A900D282F5 /* People */ = {
			isa = PBXNativeTarget;
			buildConfigurationList = 70B9212D2ABD54AB00D282F5 /* Build configuration list for PBXNativeTarget "People" */;
			buildPhases = (
				70B9211B2ABD54A900D282F5 /* Sources */,
				70B9211C2ABD54A900D282F5 /* Frameworks */,
				70B9211D2ABD54A900D282F5 /* Resources */,
			);
			buildRules = (
			);
			dependencies = (
			);
			name = People;
			productName = People;
			productReference = 70B9211F2ABD54A900D282F5 /* People.app */;
			productType = "com.apple.product-type.application";
		};
/* End PBXNativeTarget section */

/* Begin PBXProject section */
		70B921172ABD54A800D282F5 /* Project object */ = {
			isa = PBXProject;
			attributes = {
				BuildIndependentTargetsInParallel = 1;
				LastSwiftUpdateCheck = 1430;
				LastUpgradeCheck = 1430;
				TargetAttributes = {
					70B9211E2ABD54A900D282F5 = {
						CreatedOnToolsVersion = 14.3;
					};
				};
			};
			buildConfigurationList = 70B9211A2ABD54A800D282F5 /* Build configuration list for PBXProject "People" */;
			compatibilityVersion = "Xcode 14.0";
			developmentRegion = en;
			hasScannedForEncodings = 0;
			knownRegions = (
				en,
				Base,
			);
			mainGroup = 70B921162ABD54A800D282F5;
			productRefGroup = 70B921202ABD54A900D282F5 /* Products */;
			projectDirPath = "";
			projectRoot = "";
			targets = (
				70B9211E2ABD54A900D282F5 /* People */,
			);
		};
/* End PBXProject section */

/* Begin PBXResourcesBuildPhase section */
		70B9211D2ABD54A900D282F5 /* Resources */ = {
			isa = PBXResourcesBuildPhase;
			buildActionMask = 2147483647;
			files = (
				70B9212A2ABD54AB00D282F5 /* Preview Assets.xcassets in Resources */,
				703797A72AC29D1100F7816E /* UsersStaticData.json in Resources */,
				703797A92AC29D3D00F7816E /* SingleUserData.json in Resources */,
				70B921272ABD54AB00D282F5 /* Assets.xcassets in Resources */,
			);
			runOnlyForDeploymentPostprocessing = 0;
		};
/* End PBXResourcesBuildPhase section */

/* Begin PBXSourcesBuildPhase section */
		70B9211B2ABD54A900D282F5 /* Sources */ = {
			isa = PBXSourcesBuildPhase;
			buildActionMask = 2147483647;
			files = (
				703797B22AC2A1CD00F7816E /* StaticJSONMapper.swift in Sources */,
				703797B92ACA8BF300F7816E /* PillView.swift in Sources */,
				703797B02AC29FF600F7816E /* Model.swift in Sources */,
				70B921322ABD54D000D282F5 /* Symbols.swift in Sources */,
				70B921342ABD585900D282F5 /* Theme.swift in Sources */,
				703797B42AC4DD2B00F7816E /* PeopleView.swift in Sources */,
				703797AB2AC29E9800F7816E /* UserDetailResponse.swift in Sources */,
				70B921232ABD54A900D282F5 /* PeopleApp.swift in Sources */,
				703797B62ACA8A7500F7816E /* PersonItemView.swift in Sources */,
				703797AD2AC29F0800F7816E /* UsersResponse.swift in Sources */,
			);
			runOnlyForDeploymentPostprocessing = 0;
		};
/* End PBXSourcesBuildPhase section */

/* Begin XCBuildConfiguration section */
		70B9212B2ABD54AB00D282F5 /* Debug */ = {
			isa = XCBuildConfiguration;
			buildSettings = {
				ALWAYS_SEARCH_USER_PATHS = NO;
				CLANG_ANALYZER_NONNULL = YES;
				CLANG_ANALYZER_NUMBER_OBJECT_CONVERSION = YES_AGGRESSIVE;
				CLANG_CXX_LANGUAGE_STANDARD = "gnu++20";
				CLANG_ENABLE_MODULES = YES;
				CLANG_ENABLE_OBJC_ARC = YES;
				CLANG_ENABLE_OBJC_WEAK = YES;
				CLANG_WARN_BLOCK_CAPTURE_AUTORELEASING = YES;
				CLANG_WARN_BOOL_CONVERSION = YES;
				CLANG_WARN_COMMA = YES;
				CLANG_WARN_CONSTANT_CONVERSION = YES;
				CLANG_WARN_DEPRECATED_OBJC_IMPLEMENTATIONS = YES;
				CLANG_WARN_DIRECT_OBJC_ISA_USAGE = YES_ERROR;
				CLANG_WARN_DOCUMENTATION_COMMENTS = YES;
				CLANG_WARN_EMPTY_BODY = YES;
				CLANG_WARN_ENUM_CONVERSION = YES;
				CLANG_WARN_INFINITE_RECURSION = YES;
				CLANG_WARN_INT_CONVERSION = YES;
				CLANG_WARN_NON_LITERAL_NULL_CONVERSION = YES;
				CLANG_WARN_OBJC_IMPLICIT_RETAIN_SELF = YES;
				CLANG_WARN_OBJC_LITERAL_CONVERSION = YES;
				CLANG_WARN_OBJC_ROOT_CLASS = YES_ERROR;
				CLANG_WARN_QUOTED_INCLUDE_IN_FRAMEWORK_HEADER = YES;
				CLANG_WARN_RANGE_LOOP_ANALYSIS = YES;
				CLANG_WARN_STRICT_PROTOTYPES = YES;
				CLANG_WARN_SUSPICIOUS_MOVE = YES;
				CLANG_WARN_UNGUARDED_AVAILABILITY = YES_AGGRESSIVE;
				CLANG_WARN_UNREACHABLE_CODE = YES;
				CLANG_WARN__DUPLICATE_METHOD_MATCH = YES;
				COPY_PHASE_STRIP = NO;
				DEBUG_INFORMATION_FORMAT = dwarf;
				ENABLE_STRICT_OBJC_MSGSEND = YES;
				ENABLE_TESTABILITY = YES;
				GCC_C_LANGUAGE_STANDARD = gnu11;
				GCC_DYNAMIC_NO_PIC = NO;
				GCC_NO_COMMON_BLOCKS = YES;
				GCC_OPTIMIZATION_LEVEL = 0;
				GCC_PREPROCESSOR_DEFINITIONS = (
					"DEBUG=1",
					"$(inherited)",
				);
				GCC_WARN_64_TO_32_BIT_CONVERSION = YES;
				GCC_WARN_ABOUT_RETURN_TYPE = YES_ERROR;
				GCC_WARN_UNDECLARED_SELECTOR = YES;
				GCC_WARN_UNINITIALIZED_AUTOS = YES_AGGRESSIVE;
				GCC_WARN_UNUSED_FUNCTION = YES;
				GCC_WARN_UNUSED_VARIABLE = YES;
				IPHONEOS_DEPLOYMENT_TARGET = 16.4;
				MTL_ENABLE_DEBUG_INFO = INCLUDE_SOURCE;
				MTL_FAST_MATH = YES;
				ONLY_ACTIVE_ARCH = YES;
				SDKROOT = iphoneos;
				SWIFT_ACTIVE_COMPILATION_CONDITIONS = DEBUG;
				SWIFT_OPTIMIZATION_LEVEL = "-Onone";
			};
			name = Debug;
		};
		70B9212C2ABD54AB00D282F5 /* Release */ = {
			isa = XCBuildConfiguration;
			buildSettings = {
				ALWAYS_SEARCH_USER_PATHS = NO;
				CLANG_ANALYZER_NONNULL = YES;
				CLANG_ANALYZER_NUMBER_OBJECT_CONVERSION = YES_AGGRESSIVE;
				CLANG_CXX_LANGUAGE_STANDARD = "gnu++20";
				CLANG_ENABLE_MODULES = YES;
				CLANG_ENABLE_OBJC_ARC = YES;
				CLANG_ENABLE_OBJC_WEAK = YES;
				CLANG_WARN_BLOCK_CAPTURE_AUTORELEASING = YES;
				CLANG_WARN_BOOL_CONVERSION = YES;
				CLANG_WARN_COMMA = YES;
				CLANG_WARN_CONSTANT_CONVERSION = YES;
				CLANG_WARN_DEPRECATED_OBJC_IMPLEMENTATIONS = YES;
				CLANG_WARN_DIRECT_OBJC_ISA_USAGE = YES_ERROR;
				CLANG_WARN_DOCUMENTATION_COMMENTS = YES;
				CLANG_WARN_EMPTY_BODY = YES;
				CLANG_WARN_ENUM_CONVERSION = YES;
				CLANG_WARN_INFINITE_RECURSION = YES;
				CLANG_WARN_INT_CONVERSION = YES;
				CLANG_WARN_NON_LITERAL_NULL_CONVERSION = YES;
				CLANG_WARN_OBJC_IMPLICIT_RETAIN_SELF = YES;
				CLANG_WARN_OBJC_LITERAL_CONVERSION = YES;
				CLANG_WARN_OBJC_ROOT_CLASS = YES_ERROR;
				CLANG_WARN_QUOTED_INCLUDE_IN_FRAMEWORK_HEADER = YES;
				CLANG_WARN_RANGE_LOOP_ANALYSIS = YES;
				CLANG_WARN_STRICT_PROTOTYPES = YES;
				CLANG_WARN_SUSPICIOUS_MOVE = YES;
				CLANG_WARN_UNGUARDED_AVAILABILITY = YES_AGGRESSIVE;
				CLANG_WARN_UNREACHABLE_CODE = YES;
				CLANG_WARN__DUPLICATE_METHOD_MATCH = YES;
				COPY_PHASE_STRIP = NO;
				DEBUG_INFORMATION_FORMAT = "dwarf-with-dsym";
				ENABLE_NS_ASSERTIONS = NO;
				ENABLE_STRICT_OBJC_MSGSEND = YES;
				GCC_C_LANGUAGE_STANDARD = gnu11;
				GCC_NO_COMMON_BLOCKS = YES;
				GCC_WARN_64_TO_32_BIT_CONVERSION = YES;
				GCC_WARN_ABOUT_RETURN_TYPE = YES_ERROR;
				GCC_WARN_UNDECLARED_SELECTOR = YES;
				GCC_WARN_UNINITIALIZED_AUTOS = YES_AGGRESSIVE;
				GCC_WARN_UNUSED_FUNCTION = YES;
				GCC_WARN_UNUSED_VARIABLE = YES;
				IPHONEOS_DEPLOYMENT_TARGET = 16.4;
				MTL_ENABLE_DEBUG_INFO = NO;
				MTL_FAST_MATH = YES;
				SDKROOT = iphoneos;
				SWIFT_COMPILATION_MODE = wholemodule;
				SWIFT_OPTIMIZATION_LEVEL = "-O";
				VALIDATE_PRODUCT = YES;
			};
			name = Release;
		};
		70B9212E2ABD54AB00D282F5 /* Debug */ = {
			isa = XCBuildConfiguration;
			buildSettings = {
				ASSETCATALOG_COMPILER_APPICON_NAME = AppIcon;
				ASSETCATALOG_COMPILER_GLOBAL_ACCENT_COLOR_NAME = AccentColor;
				CODE_SIGN_STYLE = Automatic;
				CURRENT_PROJECT_VERSION = 1;
				DEVELOPMENT_ASSET_PATHS = "\"People/Preview Content\"";
				DEVELOPMENT_TEAM = BUV339KR3C;
				ENABLE_PREVIEWS = YES;
				GENERATE_INFOPLIST_FILE = YES;
				INFOPLIST_FILE = People/Info.plist;
				INFOPLIST_KEY_UIApplicationSceneManifest_Generation = YES;
				INFOPLIST_KEY_UIApplicationSupportsIndirectInputEvents = YES;
				INFOPLIST_KEY_UISupportedInterfaceOrientations_iPad = "UIInterfaceOrientationPortrait UIInterfaceOrientationPortraitUpsideDown UIInterfaceOrientationLandscapeLeft UIInterfaceOrientationLandscapeRight";
				INFOPLIST_KEY_UISupportedInterfaceOrientations_iPhone = "UIInterfaceOrientationPortrait UIInterfaceOrientationLandscapeLeft UIInterfaceOrientationLandscapeRight";
				LD_RUNPATH_SEARCH_PATHS = (
					"$(inherited)",
					"@executable_path/Frameworks",
				);
				MARKETING_VERSION = 1.0;
				PRODUCT_BUNDLE_IDENTIFIER = com.marvel.People;
				PRODUCT_NAME = "$(TARGET_NAME)";
				SWIFT_EMIT_LOC_STRINGS = YES;
				SWIFT_VERSION = 5.0;
				TARGETED_DEVICE_FAMILY = "1,2";
			};
			name = Debug;
		};
		70B9212F2ABD54AB00D282F5 /* Release */ = {
			isa = XCBuildConfiguration;
			buildSettings = {
				ASSETCATALOG_COMPILER_APPICON_NAME = AppIcon;
				ASSETCATALOG_COMPILER_GLOBAL_ACCENT_COLOR_NAME = AccentColor;
				CODE_SIGN_STYLE = Automatic;
				CURRENT_PROJECT_VERSION = 1;
				DEVELOPMENT_ASSET_PATHS = "\"People/Preview Content\"";
				DEVELOPMENT_TEAM = BUV339KR3C;
				ENABLE_PREVIEWS = YES;
				GENERATE_INFOPLIST_FILE = YES;
				INFOPLIST_FILE = People/Info.plist;
				INFOPLIST_KEY_UIApplicationSceneManifest_Generation = YES;
				INFOPLIST_KEY_UIApplicationSupportsIndirectInputEvents = YES;
				INFOPLIST_KEY_UISupportedInterfaceOrientations_iPad = "UIInterfaceOrientationPortrait UIInterfaceOrientationPortraitUpsideDown UIInterfaceOrientationLandscapeLeft UIInterfaceOrientationLandscapeRight";
				INFOPLIST_KEY_UISupportedInterfaceOrientations_iPhone = "UIInterfaceOrientationPortrait UIInterfaceOrientationLandscapeLeft UIInterfaceOrientationLandscapeRight";
				LD_RUNPATH_SEARCH_PATHS = (
					"$(inherited)",
					"@executable_path/Frameworks",
				);
				MARKETING_VERSION = 1.0;
				PRODUCT_BUNDLE_IDENTIFIER = com.marvel.People;
				PRODUCT_NAME = "$(TARGET_NAME)";
				SWIFT_EMIT_LOC_STRINGS = YES;
				SWIFT_VERSION = 5.0;
				TARGETED_DEVICE_FAMILY = "1,2";
			};
			name = Release;
		};
/* End XCBuildConfiguration section */

/* Begin XCConfigurationList section */
		70B9211A2ABD54A800D282F5 /* Build configuration list for PBXProject "People" */ = {
			isa = XCConfigurationList;
			buildConfigurations = (
				70B9212B2ABD54AB00D282F5 /* Debug */,
				70B9212C2ABD54AB00D282F5 /* Release */,
			);
			defaultConfigurationIsVisible = 0;
			defaultConfigurationName = Release;
		};
		70B9212D2ABD54AB00D282F5 /* Build configuration list for PBXNativeTarget "People" */ = {
			isa = XCConfigurationList;
			buildConfigurations = (
				70B9212E2ABD54AB00D282F5 /* Debug */,
				70B9212F2ABD54AB00D282F5 /* Release */,
			);
			defaultConfigurationIsVisible = 0;
			defaultConfigurationName = Release;
		};
/* End XCConfigurationList section */
	};
	rootObject = 70B921172ABD54A800D282F5 /* Project object */;
}
